{
    "_readme": [
        "This file locks the dependencies of your project to a known state",
        "Read more about it at https://getcomposer.org/doc/01-basic-usage.md#installing-dependencies",
        "This file is @generated automatically"
    ],
    "content-hash": "64baa45da315603e3a22cd0076ff797c",
    "packages": [
        {
            "name": "appsero/client",
            "version": "v1.2.1",
            "source": {
                "type": "git",
                "url": "https://github.com/Appsero/client.git",
                "reference": "d110c537f4ca92ac7f3398eee67cc6bdf506a4fb"
            },
            "dist": {
                "type": "zip",
                "url": "https://api.github.com/repos/Appsero/client/zipball/d110c537f4ca92ac7f3398eee67cc6bdf506a4fb",
                "reference": "d110c537f4ca92ac7f3398eee67cc6bdf506a4fb",
                "shasum": ""
            },
            "require": {
                "php": ">=5.3"
            },
            "type": "library",
            "autoload": {
                "psr-4": {
                    "Appsero\\": "src/"
                }
            },
            "notification-url": "https://packagist.org/downloads/",
            "license": [
                "MIT"
            ],
            "authors": [
                {
                    "name": "Tareq Hasan",
                    "email": "tareq@appsero.com"
                }
            ],
            "description": "Appsero Client",
            "keywords": [
                "analytics",
                "plugin",
                "theme",
                "wordpress"
            ],
            "support": {
                "issues": "https://github.com/Appsero/client/issues",
                "source": "https://github.com/Appsero/client/tree/v1.2.1"
            },
            "time": "2022-06-30T12:01:38+00:00"
        },
        {
            "name": "htmlburger/carbon-fields",
            "version": "v3.6.0",
            "source": {
                "type": "git",
                "url": "https://github.com/htmlburger/carbon-fields.git",
                "reference": "47f1538cca6cd2860d1b37a040a42c59eb798d76"
            },
            "dist": {
                "type": "zip",
                "url": "https://api.github.com/repos/htmlburger/carbon-fields/zipball/47f1538cca6cd2860d1b37a040a42c59eb798d76",
                "reference": "47f1538cca6cd2860d1b37a040a42c59eb798d76",
                "shasum": ""
            },
            "require": {
                "php": ">=5.6.20"
            },
            "require-dev": {
                "mockery/mockery": "1.3.6",
                "phpunit/phpunit": "7.5.20|9.6.3",
                "yoast/phpunit-polyfills": "^1.0"
            },
            "type": "library",
            "autoload": {
                "psr-4": {
                    "Carbon_Fields\\": "core/"
                }
            },
            "notification-url": "https://packagist.org/downloads/",
            "license": [
                "GPL-2.0-only"
            ],
            "authors": [
                {
                    "name": "htmlBurger",
                    "email": "wordpress@htmlburger.com",
                    "homepage": "https://htmlburger.com/",
                    "role": "Developer"
                },
                {
                    "name": "Miroslav Mitev",
                    "email": "mmitev.2create@gmail.com",
                    "role": "Developer"
                },
                {
                    "name": "Atanas Angelov",
                    "email": "atanas.angelov.dev@gmail.com",
                    "role": "Developer"
                },
                {
                    "name": "Georgi Stoyanov",
                    "email": "stoyanov.gs@gmail.com",
                    "role": "Developer"
                },
                {
                    "name": "Plamen Kostadinov",
                    "email": "pkostadinov.2create@gmail.com",
                    "homepage": "http://plasmen.info/",
                    "role": "Developer"
                },
                {
                    "name": "Stanimir Panchev",
                    "email": "Stan4omir@gmail.com",
                    "role": "Developer"
                },
                {
                    "name": "Marin Atanasov",
                    "email": "contact@marinatanasov.com",
                    "homepage": "http://marinatanasov.com/",
                    "role": "Developer"
                },
                {
                    "name": "Siyan Panayotov",
                    "homepage": "http://siyanpanayotov.com/",
                    "role": "Developer"
                },
                {
                    "name": "Peter Petrov",
                    "email": "peter.petrov89@gmail.com",
                    "role": "Developer"
                },
                {
                    "name": "Stanimir Stoyanov",
                    "email": "stanimir.k.stoyanov@gmail.com",
                    "role": "Developer"
                },
                {
                    "name": "Kaloyan Ivanov",
                    "email": "kaloyanxivanov@gmail.com",
                    "homepage": "http://vilepixels.com/",
                    "role": "Developer"
                },
                {
                    "name": "Georgi Popov",
                    "homepage": "http://magadanski.com/",
                    "role": "Developer"
                },
                {
                    "name": "German Velchev",
                    "email": "germozy@gmail.com",
                    "role": "Developer"
                },
                {
                    "name": "Rashko Petrov",
                    "email": "brutalenemy666@gmail.com",
                    "homepage": "http://errorfactory.com/",
                    "role": "Developer"
                },
                {
                    "name": "Alexander Panayotov",
                    "email": "alexander.panayotov@gmail.com",
                    "homepage": "http://alexanderpanayotov.com/",
                    "role": "Developer"
                },
                {
                    "name": "Viktor Vasilev",
                    "email": "liberalcho@gmail.com",
                    "role": "Developer"
                },
                {
                    "name": "Georgi Georgiev",
                    "email": "george.georgiev96@gmail.com",
                    "role": "Developer"
                },
                {
                    "name": "Atanas Vasilev",
                    "email": "atanasvasilev91@gmail.com",
                    "role": "Developer"
                }
            ],
            "description": "WordPress developer-friendly custom fields for post types, taxonomy terms, users, comments, widgets, options and more.",
            "homepage": "http://carbonfields.net/",
            "support": {
                "docs": "http://carbonfields.net/docs/",
                "email": "wordpress@htmlburger.com",
                "issues": "https://github.com/htmlburger/carbon-fields/issues",
                "source": "https://github.com/htmlburger/carbon-fields"
            },
            "time": "2023-04-04T08:41:31+00:00"
        },
        {
            "name": "ivome/graphql-relay-php",
            "version": "v0.6.0",
            "source": {
                "type": "git",
                "url": "https://github.com/ivome/graphql-relay-php.git",
                "reference": "7055fd45b7e552cee4d1290849b84294b0049373"
            },
            "dist": {
                "type": "zip",
                "url": "https://api.github.com/repos/ivome/graphql-relay-php/zipball/7055fd45b7e552cee4d1290849b84294b0049373",
                "reference": "7055fd45b7e552cee4d1290849b84294b0049373",
                "shasum": ""
            },
            "require": {
                "php": "^7.1 || ^8.0",
                "webonyx/graphql-php": "^14.0"
            },
            "require-dev": {
                "phpunit/phpunit": "^7.5 || ^8.5 || ^9.5",
                "satooshi/php-coveralls": "~1.0"
            },
            "type": "library",
            "autoload": {
                "classmap": [
                    "src/"
                ]
            },
            "notification-url": "https://packagist.org/downloads/",
            "license": [
                "BSD-3-Clause"
            ],
            "description": "A PHP port of GraphQL Relay reference implementation",
            "homepage": "https://github.com/ivome/graphql-relay-php",
            "keywords": [
                "Relay",
                "api",
                "graphql"
            ],
            "support": {
                "issues": "https://github.com/ivome/graphql-relay-php/issues",
                "source": "https://github.com/ivome/graphql-relay-php/tree/v0.6.0"
            },
            "time": "2021-04-24T19:31:29+00:00"
        },
        {
            "name": "matepaiva/wp-graphql-crb",
            "version": "0.0.6",
            "source": {
                "type": "git",
                "url": "https://github.com/matepaiva/wp-graphql-crb.git",
                "reference": "081c80c36c7d0fb11f5b6bbf1ac387f6c811d8ed"
            },
            "dist": {
                "type": "zip",
                "url": "https://api.github.com/repos/matepaiva/wp-graphql-crb/zipball/081c80c36c7d0fb11f5b6bbf1ac387f6c811d8ed",
                "reference": "081c80c36c7d0fb11f5b6bbf1ac387f6c811d8ed",
                "shasum": ""
            },
            "require": {
                "htmlburger/carbon-fields": "^3.2",
                "wp-graphql/wp-graphql": "^1.1"
            },
            "type": "library",
            "autoload": {
                "psr-4": {
                    "WpGraphQLCrb\\": "src/"
                }
            },
            "notification-url": "https://packagist.org/downloads/",
            "license": [
                "MIT"
            ],
            "authors": [
                {
                    "name": "Matheus Paiva",
                    "email": "mmccpp@gmail.com"
                }
            ],
            "description": "Wordpress wrapper to expose Carbon Fields to WpGraphQL queries",
            "support": {
                "issues": "https://github.com/matepaiva/wp-graphql-crb/issues",
                "source": "https://github.com/matepaiva/wp-graphql-crb/tree/0.0.6"
            },
            "time": "2021-05-26T21:21:35+00:00"
        },
        {
            "name": "webonyx/graphql-php",
            "version": "v14.9.0",
            "source": {
                "type": "git",
                "url": "https://github.com/webonyx/graphql-php.git",
                "reference": "36b83621deb5eae354347a2e86dc7aec81b32a82"
            },
            "dist": {
                "type": "zip",
                "url": "https://api.github.com/repos/webonyx/graphql-php/zipball/36b83621deb5eae354347a2e86dc7aec81b32a82",
                "reference": "36b83621deb5eae354347a2e86dc7aec81b32a82",
                "shasum": ""
            },
            "require": {
                "ext-json": "*",
                "ext-mbstring": "*",
                "php": "^7.1||^8.0"
            },
            "require-dev": {
                "amphp/amp": "^2.3",
                "doctrine/coding-standard": "^6.0",
                "nyholm/psr7": "^1.2",
                "phpbench/phpbench": "^0.16.10",
                "phpstan/extension-installer": "^1.0",
                "phpstan/phpstan": "0.12.82",
                "phpstan/phpstan-phpunit": "0.12.18",
                "phpstan/phpstan-strict-rules": "0.12.9",
                "phpunit/phpunit": "^7.2|^8.5",
                "psr/http-message": "^1.0",
                "react/promise": "2.*",
                "simpod/php-coveralls-mirror": "^3.0",
                "squizlabs/php_codesniffer": "3.5.4"
            },
            "suggest": {
                "psr/http-message": "To use standard GraphQL server",
                "react/promise": "To leverage async resolving on React PHP platform"
            },
            "type": "library",
            "autoload": {
                "psr-4": {
                    "GraphQL\\": "src/"
                }
            },
            "notification-url": "https://packagist.org/downloads/",
            "license": [
                "MIT"
            ],
            "description": "A PHP port of GraphQL reference implementation",
            "homepage": "https://github.com/webonyx/graphql-php",
            "keywords": [
                "api",
                "graphql"
            ],
            "support": {
                "issues": "https://github.com/webonyx/graphql-php/issues",
                "source": "https://github.com/webonyx/graphql-php/tree/v14.9.0"
            },
            "funding": [
                {
                    "url": "https://opencollective.com/webonyx-graphql-php",
                    "type": "open_collective"
                }
            ],
            "time": "2021-06-15T16:14:17+00:00"
        },
        {
            "name": "wp-graphql/wp-graphql",
            "version": "v1.14.3",
            "source": {
                "type": "git",
                "url": "https://github.com/wp-graphql/wp-graphql.git",
                "reference": "e37f2e06ded15647630a71c830d35c3f46f1d2b7"
            },
            "dist": {
                "type": "zip",
                "url": "https://api.github.com/repos/wp-graphql/wp-graphql/zipball/e37f2e06ded15647630a71c830d35c3f46f1d2b7",
                "reference": "e37f2e06ded15647630a71c830d35c3f46f1d2b7",
                "shasum": ""
            },
            "require": {
                "appsero/client": "1.2.1",
                "ivome/graphql-relay-php": "0.6.0",
                "php": "^7.1 || ^8.0",
                "webonyx/graphql-php": "14.9.0"
            },
            "require-dev": {
                "automattic/vipwpcs": "^2.2",
                "codeception/module-asserts": "^1.0",
                "codeception/module-cli": "^1.0",
                "codeception/module-db": "^1.0",
                "codeception/module-filesystem": "^1.0",
                "codeception/module-phpbrowser": "^1.0",
                "codeception/module-rest": "^1.2",
                "codeception/module-webdriver": "^1.0",
                "codeception/util-universalframework": "^1.0",
                "lucatume/wp-browser": "^3.1.6",
                "phpcompatibility/phpcompatibility-wp": "^2.1",
                "phpstan/extension-installer": "^1.1",
                "phpstan/phpstan": "~1.10.11",
                "phpunit/phpunit": "^9.5",
                "simpod/php-coveralls-mirror": "^3.0",
                "slevomat/coding-standard": "^8.9",
                "szepeviktor/phpstan-wordpress": "~1.2.0",
                "wp-graphql/wp-graphql-testcase": "~2.3"
            },
            "type": "wordpress-plugin",
            "autoload": {
                "files": [
                    "access-functions.php",
                    "activation.php",
                    "deactivation.php"
                ],
                "psr-4": {
                    "WPGraphQL\\": "src/"
                }
            },
            "notification-url": "https://packagist.org/downloads/",
            "license": [
                "GPL-3.0-or-later"
            ],
            "authors": [
                {
                    "name": "Jason Bahl",
                    "email": "jasonbahl@mac.com"
                },
                {
                    "name": "Edwin Cromley"
                },
                {
                    "name": "Ryan Kanner"
                },
                {
                    "name": "Hughie Devore"
                },
                {
                    "name": "Chris Zarate"
                }
            ],
            "description": "GraphQL API for WordPress",
            "support": {
                "issues": "https://github.com/wp-graphql/wp-graphql/issues",
                "source": "https://github.com/wp-graphql/wp-graphql/tree/v1.14.3"
            },
            "time": "2023-04-27T17:18:42+00:00"
        }
    ],
    "packages-dev": [],
    "aliases": [],
    "minimum-stability": "stable",
    "stability-flags": [],
    "prefer-stable": false,
    "prefer-lowest": false,
    "platform": [],
    "platform-dev": [],
    "plugin-api-version": "2.3.0"
}
